// !$*UTF8*$!
{
	archiveVersion = 1;
	classes = {
	};
	objectVersion = 77;
	objects = {

/* Begin PBXBuildFile section */
		A1B2C3D40102030405060708 /* StickiesApp.swift in Sources */ = {isa = PBXBuildFile; fileRef = A1B2C3D41102030405060709 /* StickiesApp.swift */; };
		A1B2C3D40202030405060708 /* ContentView.swift in Sources */ = {isa = PBXBuildFile; fileRef = A1B2C3D41202030405060709 /* ContentView.swift */; };
		A1B2C3D40302030405060708 /* Note.swift in Sources */ = {isa = PBXBuildFile; fileRef = A1B2C3D41302030405060709 /* Note.swift */; };
		A1B2C3D40402030405060708 /* NotesListSidebar.swift in Sources */ = {isa = PBXBuildFile; fileRef = A1B2C3D41402030405060709 /* NotesListSidebar.swift */; };
		A1B2C3D40502030405060708 /* NoteCanvasView.swift in Sources */ = {isa = PBXBuildFile; fileRef = A1B2C3D41502030405060709 /* NoteCanvasView.swift */; };
		A1B2C3D40602030405060708 /* NoteDetailPanel.swift in Sources */ = {isa = PBXBuildFile; fileRef = A1B2C3D41602030405060709 /* NoteDetailPanel.swift */; };
		A1B2C3D40702030405060708 /* Database.swift in Sources */ = {isa = PBXBuildFile; fileRef = A1B2C3D41702030405060710 /* Database.swift */; };
		A1B2C3D40802030405060708 /* Assets.xcassets in Resources */ = {isa = PBXBuildFile; fileRef = A1B2C3D41902030405060709 /* Assets.xcassets */; };
/* End PBXBuildFile section */

/* Begin PBXFileReference section */
		A1B2C3D41102030405060709 /* StickiesApp.swift */ = {isa = PBXFileReference; lastKnownFileType = sourcecode.swift; path = StickiesApp.swift; sourceTree = "<group>"; };
		A1B2C3D41202030405060709 /* ContentView.swift */ = {isa = PBXFileReference; lastKnownFileType = sourcecode.swift; path = ContentView.swift; sourceTree = "<group>"; };
		A1B2C3D41302030405060709 /* Note.swift */ = {isa = PBXFileReference; lastKnownFileType = sourcecode.swift; path = Note.swift; sourceTree = "<group>"; };
		A1B2C3D41402030405060709 /* NotesListSidebar.swift */ = {isa = PBXFileReference; lastKnownFileType = sourcecode.swift; path = NotesListSidebar.swift; sourceTree = "<group>"; };
		A1B2C3D41502030405060709 /* NoteCanvasView.swift */ = {isa = PBXFileReference; lastKnownFileType = sourcecode.swift; path = NoteCanvasView.swift; sourceTree = "<group>"; };
		A1B2C3D41602030405060709 /* NoteDetailPanel.swift */ = {isa = PBXFileReference; lastKnownFileType = sourcecode.swift; path = NoteDetailPanel.swift; sourceTree = "<group>"; };
		A1B2C3D41702030405060709 /* Info.plist */ = {isa = PBXFileReference; lastKnownFileType = text.plist; path = Info.plist; sourceTree = "<group>"; };
		A1B2C3D41702030405060710 /* Database.swift */ = {isa = PBXFileReference; lastKnownFileType = sourcecode.swift; path = Database.swift; sourceTree = "<group>"; };
		A1B2C3D41802030405060709 /* Stickies.app */ = {isa = PBXFileReference; explicitFileType = wrapper.application; includeInIndex = 0; path = Stickies.app; sourceTree = BUILT_PRODUCTS_DIR; };
		A1B2C3D41902030405060709 /* Assets.xcassets */ = {isa = PBXFileReference; lastKnownFileType = folder.assetcatalog; path = Assets.xcassets; sourceTree = "<group>"; };
/* End PBXFileReference section */

/* Begin PBXGroup section */
		A1B2C3D42102030405060709 /* Sources */ = {
			isa = PBXGroup;
			children = (
				A1B2C3D41702030405060709 /* Info.plist */,
				A1B2C3D41902030405060709 /* Assets.xcassets */,
				A1B2C3D41102030405060709 /* StickiesApp.swift */,
				A1B2C3D42402030405060710 /* Services */,
				A1B2C3D42202030405060709 /* Models */,
				A1B2C3D42302030405060709 /* Views */,
			);
			path = Sources;
			sourceTree = "<group>";
		};
		A1B2C3D42202030405060709 /* Models */ = {
			isa = PBXGroup;
			children = (
				A1B2C3D41302030405060709 /* Note.swift */,
			);
			path = Models;
			sourceTree = "<group>";
		};
		A1B2C3D42302030405060709 /* Views */ = {
			isa = PBXGroup;
			children = (
				A1B2C3D41202030405060709 /* ContentView.swift */,
				A1B2C3D41402030405060709 /* NotesListSidebar.swift */,
				A1B2C3D41502030405060709 /* NoteCanvasView.swift */,
				A1B2C3D41602030405060709 /* NoteDetailPanel.swift */,
			);
			path = Views;
			sourceTree = "<group>";
		};
		A1B2C3D42402030405060710 /* Services */ = {
			isa = PBXGroup;
			children = (
				A1B2C3D41702030405060710 /* Database.swift */,
			);
			path = Services;
			sourceTree = "<group>";
		};
		A1B2C3D42402030405060709 = {
			isa = PBXGroup;
			children = (
				A1B2C3D42102030405060709 /* Sources */,
				A1B2C3D42502030405060709 /* Products */,
			);
			sourceTree = "<group>";
		};
		A1B2C3D42502030405060709 /* Products */ = {
			isa = PBXGroup;
			children = (
				A1B2C3D41802030405060709 /* Stickies.app */,
			);
			name = Products;
			sourceTree = "<group>";
		};
/* End PBXGroup section */

/* Begin PBXNativeTarget section */
		A1B2C3D42602030405060709 /* Stickies */ = {
			isa = PBXNativeTarget;
			buildConfigurationList = A1B2C3D42702030405060709 /* Build configuration list for PBXNativeTarget "Stickies" */;
			buildPhases = (
				A1B2C3D42802030405060709 /* Sources */,
				A1B2C3D43502030405060709 /* Resources */,
			);
			buildRules = (
			);
			dependencies = (
			);
			name = Stickies;
			packageProductDependencies = (
			);
			productName = Stickies;
			productReference = A1B2C3D41802030405060709 /* Stickies.app */;
			productType = "com.apple.product-type.application";
		};
/* End PBXNativeTarget section */

/* Begin PBXProject section */
		A1B2C3D42902030405060709 /* Project object */ = {
			isa = PBXProject;
			attributes = {
				BuildIndependentTargetsInParallel = YES;
				LastUpgradeCheck = 1430;
				TargetAttributes = {
				};
			};
			buildConfigurationList = A1B2C3D43002030405060709 /* Build configuration list for PBXProject "Stickies" */;
			developmentRegion = en;
			hasScannedForEncodings = 0;
			knownRegions = (
				Base,
				en,
			);
			mainGroup = A1B2C3D42402030405060709;
			minimizedProjectReferenceProxies = 1;
			preferredProjectObjectVersion = 77;
			productRefGroup = A1B2C3D42502030405060709 /* Products */;
			projectDirPath = "";
			projectRoot = "";
			targets = (
				A1B2C3D42602030405060709 /* Stickies */,
			);
		};
/* End PBXProject section */

/* Begin PBXSourcesBuildPhase section */
		A1B2C3D42802030405060709 /* Sources */ = {
			isa = PBXSourcesBuildPhase;
			buildActionMask = 2147483647;
			files = (
				A1B2C3D40102030405060708 /* StickiesApp.swift in Sources */,
				A1B2C3D40202030405060708 /* ContentView.swift in Sources */,
				A1B2C3D40302030405060708 /* Note.swift in Sources */,
				A1B2C3D40402030405060708 /* NotesListSidebar.swift in Sources */,
				A1B2C3D40502030405060708 /* NoteCanvasView.swift in Sources */,
				A1B2C3D40602030405060708 /* NoteDetailPanel.swift in Sources */,
				A1B2C3D40702030405060708 /* Database.swift in Sources */,
			);
			runOnlyForDeploymentPostprocessing = 0;
		};
/* End PBXSourcesBuildPhase section */

/* Begin PBXResourcesBuildPhase section */
		A1B2C3D43502030405060709 /* Resources */ = {
			isa = PBXResourcesBuildPhase;
			buildActionMask = 2147483647;
			files = (
				A1B2C3D40802030405060708 /* Assets.xcassets in Resources */,
			);
			runOnlyForDeploymentPostprocessing = 0;
		};
/* End PBXResourcesBuildPhase section */

/* Begin XCBuildConfiguration section */
		A1B2C3D43102030405060709 /* Debug */ = {
			isa = XCBuildConfiguration;
			buildSettings = {
				ALWAYS_SEARCH_USER_PATHS = NO;
				CLANG_ANALYZER_NONNULL = YES;
				CLANG_ANALYZER_NUMBER_OBJECT_CONVERSION = YES_AGGRESSIVE;
				CLANG_CXX_LANGUAGE_STANDARD = "gnu++14";
				CLANG_CXX_LIBRARY = "libc++";
				CLANG_ENABLE_MODULES = YES;
				CLANG_ENABLE_OBJC_ARC = YES;
				CLANG_ENABLE_OBJC_WEAK = YES;
				CLANG_WARN_BLOCK_CAPTURE_AUTORELEASING = YES;
				CLANG_WARN_BOOL_CONVERSION = YES;
				CLANG_WARN_COMMA = YES;
				CLANG_WARN_CONSTANT_CONVERSION = YES;
				CLANG_WARN_DEPRECATED_OBJC_IMPLEMENTATIONS = YES;
				CLANG_WARN_DIRECT_OBJC_ISA_USAGE = YES_ERROR;
				CLANG_WARN_DOCUMENTATION_COMMENTS = YES;
				CLANG_WARN_EMPTY_BODY = YES;
				CLANG_WARN_ENUM_CONVERSION = YES;
				CLANG_WARN_INFINITE_RECURSION = YES;
				CLANG_WARN_INT_CONVERSION = YES;
				CLANG_WARN_NON_LITERAL_NULL_CONVERSION = YES;
				CLANG_WARN_OBJC_IMPLICIT_RETAIN_SELF = YES;
				CLANG_WARN_OBJC_LITERAL_CONVERSION = YES;
				CLANG_WARN_OBJC_ROOT_CLASS = YES_ERROR;
				CLANG_WARN_QUOTED_INCLUDE_IN_FRAMEWORK_HEADER = YES;
				CLANG_WARN_RANGE_LOOP_ANALYSIS = YES;
				CLANG_WARN_STRICT_PROTOTYPES = YES;
				CLANG_WARN_SUSPICIOUS_MOVE = YES;
				CLANG_WARN_UNGUARDED_AVAILABILITY = YES_AGGRESSIVE;
				CLANG_WARN_UNREACHABLE_CODE = YES;
				CLANG_WARN__DUPLICATE_METHOD_MATCH = YES;
				COPY_PHASE_STRIP = NO;
				DEBUG_INFORMATION_FORMAT = dwarf;
				ENABLE_STRICT_OBJC_MSGSEND = YES;
				ENABLE_TESTABILITY = YES;
				GCC_C_LANGUAGE_STANDARD = gnu11;
				GCC_DYNAMIC_NO_PIC = NO;
				GCC_NO_COMMON_BLOCKS = YES;
				GCC_OPTIMIZATION_LEVEL = 0;
				GCC_PREPROCESSOR_DEFINITIONS = (
					"$(inherited)",
					"DEBUG=1",
				);
				GCC_WARN_64_TO_32_BIT_CONVERSION = YES;
				GCC_WARN_ABOUT_RETURN_TYPE = YES_ERROR;
				GCC_WARN_UNDECLARED_SELECTOR = YES;
				GCC_WARN_UNINITIALIZED_AUTOS = YES_AGGRESSIVE;
				GCC_WARN_UNUSED_FUNCTION = YES;
				GCC_WARN_UNUSED_VARIABLE = YES;
				MACOSX_DEPLOYMENT_TARGET = 14.0;
				MTL_ENABLE_DEBUG_INFO = INCLUDE_SOURCE;
				MTL_FAST_MATH = YES;
				ONLY_ACTIVE_ARCH = YES;
				PRODUCT_NAME = "$(TARGET_NAME)";
				SDKROOT = macosx;
				SWIFT_ACTIVE_COMPILATION_CONDITIONS = DEBUG;
				SWIFT_OPTIMIZATION_LEVEL = "-Onone";
				SWIFT_VERSION = 5.0;
			};
			name = Debug;
		};
		A1B2C3D43202030405060709 /* Release */ = {
			isa = XCBuildConfiguration;
			buildSettings = {
				ALWAYS_SEARCH_USER_PATHS = NO;
				CLANG_ANALYZER_NONNULL = YES;
				CLANG_ANALYZER_NUMBER_OBJECT_CONVERSION = YES_AGGRESSIVE;
				CLANG_CXX_LANGUAGE_STANDARD = "gnu++14";
				CLANG_CXX_LIBRARY = "libc++";
				CLANG_ENABLE_MODULES = YES;
				CLANG_ENABLE_OBJC_ARC = YES;
				CLANG_ENABLE_OBJC_WEAK = YES;
				CLANG_WARN_BLOCK_CAPTURE_AUTORELEASING = YES;
				CLANG_WARN_BOOL_CONVERSION = YES;
				CLANG_WARN_COMMA = YES;
				CLANG_WARN_CONSTANT_CONVERSION = YES;
				CLANG_WARN_DEPRECATED_OBJC_IMPLEMENTATIONS = YES;
				CLANG_WARN_DIRECT_OBJC_ISA_USAGE = YES_ERROR;
				CLANG_WARN_DOCUMENTATION_COMMENTS = YES;
				CLANG_WARN_EMPTY_BODY = YES;
				CLANG_WARN_ENUM_CONVERSION = YES;
				CLANG_WARN_INFINITE_RECURSION = YES;
				CLANG_WARN_INT_CONVERSION = YES;
				CLANG_WARN_NON_LITERAL_NULL_CONVERSION = YES;
				CLANG_WARN_OBJC_IMPLICIT_RETAIN_SELF = YES;
				CLANG_WARN_OBJC_LITERAL_CONVERSION = YES;
				CLANG_WARN_OBJC_ROOT_CLASS = YES_ERROR;
				CLANG_WARN_QUOTED_INCLUDE_IN_FRAMEWORK_HEADER = YES;
				CLANG_WARN_RANGE_LOOP_ANALYSIS = YES;
				CLANG_WARN_STRICT_PROTOTYPES = YES;
				CLANG_WARN_SUSPICIOUS_MOVE = YES;
				CLANG_WARN_UNGUARDED_AVAILABILITY = YES_AGGRESSIVE;
				CLANG_WARN_UNREACHABLE_CODE = YES;
				CLANG_WARN__DUPLICATE_METHOD_MATCH = YES;
				COPY_PHASE_STRIP = NO;
				DEBUG_INFORMATION_FORMAT = "dwarf-with-dsym";
				ENABLE_STRICT_OBJC_MSGSEND = YES;
				GCC_C_LANGUAGE_STANDARD = gnu11;
				GCC_NO_COMMON_BLOCKS = YES;
				GCC_WARN_64_TO_32_BIT_CONVERSION = YES;
				GCC_WARN_ABOUT_RETURN_TYPE = YES_ERROR;
				GCC_WARN_UNDECLARED_SELECTOR = YES;
				GCC_WARN_UNINITIALIZED_AUTOS = YES_AGGRESSIVE;
				GCC_WARN_UNUSED_FUNCTION = YES;
				GCC_WARN_UNUSED_VARIABLE = YES;
				MACOSX_DEPLOYMENT_TARGET = 14.0;
				MTL_ENABLE_DEBUG_INFO = NO;
				MTL_FAST_MATH = YES;
				PRODUCT_NAME = "$(TARGET_NAME)";
				SDKROOT = macosx;
				SWIFT_COMPILATION_MODE = wholemodule;
				SWIFT_OPTIMIZATION_LEVEL = "-O";
				SWIFT_VERSION = 5.0;
			};
			name = Release;
		};
		A1B2C3D43302030405060709 /* Debug */ = {
			isa = XCBuildConfiguration;
			buildSettings = {
				ASSETCATALOG_COMPILER_APPICON_NAME = AppIcon;
				COMBINE_HIDPI_IMAGES = YES;
				INFOPLIST_FILE = Sources/Info.plist;
				LD_RUNPATH_SEARCH_PATHS = (
					"$(inherited)",
					"@executable_path/../Frameworks",
				);
				PRODUCT_BUNDLE_IDENTIFIER = com.stickies.app;
				SDKROOT = macosx;
				SWIFT_VERSION = 5.9;
			};
			name = Debug;
		};
		A1B2C3D43402030405060709 /* Release */ = {
			isa = XCBuildConfiguration;
			buildSettings = {
				ASSETCATALOG_COMPILER_APPICON_NAME = AppIcon;
				COMBINE_HIDPI_IMAGES = YES;
				INFOPLIST_FILE = Sources/Info.plist;
				LD_RUNPATH_SEARCH_PATHS = (
					"$(inherited)",
					"@executable_path/../Frameworks",
				);
				PRODUCT_BUNDLE_IDENTIFIER = com.stickies.app;
				SDKROOT = macosx;
				SWIFT_VERSION = 5.9;
			};
			name = Release;
		};
/* End XCBuildConfiguration section */

/* Begin XCConfigurationList section */
		A1B2C3D43002030405060709 /* Build configuration list for PBXProject "Stickies" */ = {
			isa = XCConfigurationList;
			buildConfigurations = (
				A1B2C3D43102030405060709 /* Debug */,
				A1B2C3D43202030405060709 /* Release */,
			);
			defaultConfigurationIsVisible = 0;
			defaultConfigurationName = Release;
		};
		A1B2C3D42702030405060709 /* Build configuration list for PBXNativeTarget "Stickies" */ = {
			isa = XCConfigurationList;
			buildConfigurations = (
				A1B2C3D43302030405060709 /* Debug */,
				A1B2C3D43402030405060709 /* Release */,
			);
			defaultConfigurationIsVisible = 0;
			defaultConfigurationName = Release;
		};
/* End XCConfigurationList section */

	};
	rootObject = A1B2C3D42902030405060709 /* Project object */;
}
